
Microsoft Visual Studio Solution File, Format Version 12.00
# Visual Studio Version 16
VisualStudioVersion = 16.0.31613.86
MinimumVisualStudioVersion = 10.0.40219.1
Project("{FAE04EC0-301F-11D3-BF4B-00C04F79EFBC}") = "DependencyTest", "DependencyTest\DependencyTest.csproj", "{F9BE844B-10B8-4165-A261-35F094C5EF55}"
EndProject
Global
	GlobalSection(SolutionConfigurationPlatforms) = preSolution
		Debug|Any CPU = Debug|Any CPU
		Release|Any CPU = Release|Any CPU
	EndGlobalSection
	GlobalSection(ProjectConfigurationPlatforms) = postSolution
		{F9BE844B-10B8-4165-A261-35F094C5EF55}.Debug|Any CPU.ActiveCfg = Debug|Any CPU
		{F9BE844B-10B8-4165-A261-35F094C5EF55}.Debug|Any CPU.Build.0 = Debug|Any CPU
		{F9BE844B-10B8-4165-A261-35F094C5EF55}.Release|Any CPU.ActiveCfg = Release|Any CPU
		{F9BE844B-10B8-4165-A261-35F094C5EF55}.Release|Any CPU.Build.0 = Release|Any CPU
	EndGlobalSection
	GlobalSection(SolutionProperties) = preSolution
		HideSolutionNode = FALSE
	EndGlobalSection
	GlobalSection(ExtensibilityGlobals) = postSolution
		SolutionGuid = {0CC4B030-6CAB-491B-B434-11E1E007C37B}
	EndGlobalSection
EndGlobal
